
Microsoft Visual Studio Solution File, Format Version 12.00
# Visual Studio 14
VisualStudioVersion = 14.0.25123.0
MinimumVisualStudioVersion = 10.0.40219.1
Project("{FAE04EC0-301F-11D3-BF4B-00C04F79EFBC}") = "BaseApi", "BaseApi\BaseApi.csproj", "{0C187AC0-71A4-43B8-B84D-EAF80723F989}"
	ProjectSection(ProjectDependencies) = postProject
		{BEC4E92A-8C11-4413-92F7-76B1BD53EB17} = {BEC4E92A-8C11-4413-92F7-76B1BD53EB17}
		{C05E2156-3CFC-49D2-B9F6-9EA6818F2716} = {C05E2156-3CFC-49D2-B9F6-9EA6818F2716}
	EndProjectSection
EndProject
Project("{FAE04EC0-301F-11D3-BF4B-00C04F79EFBC}") = "WebHost", "WebHost\WebHost.csproj", "{97ED4FBF-89B9-4DC7-9CED-1DF1516934DF}"
EndProject
Project("{FAE04EC0-301F-11D3-BF4B-00C04F79EFBC}") = "CyApi", "CyApi\CyApi.csproj", "{ABD9F125-AA09-4D09-8B5F-F17006AF4A42}"
	ProjectSection(ProjectDependencies) = postProject
		{BEC4E92A-8C11-4413-92F7-76B1BD53EB17} = {BEC4E92A-8C11-4413-92F7-76B1BD53EB17}
		{2E45B835-668F-47DA-8119-B75F1D504572} = {2E45B835-668F-47DA-8119-B75F1D504572}
		{C05E2156-3CFC-49D2-B9F6-9EA6818F2716} = {C05E2156-3CFC-49D2-B9F6-9EA6818F2716}
		{0C187AC0-71A4-43B8-B84D-EAF80723F989} = {0C187AC0-71A4-43B8-B84D-EAF80723F989}
	EndProjectSection
EndProject
Project("{FAE04EC0-301F-11D3-BF4B-00C04F79EFBC}") = "CyModel", "CyModel\CyModel.csproj", "{2E45B835-668F-47DA-8119-B75F1D504572}"
	ProjectSection(ProjectDependencies) = postProject
		{BEC4E92A-8C11-4413-92F7-76B1BD53EB17} = {BEC4E92A-8C11-4413-92F7-76B1BD53EB17}
	EndProjectSection
EndProject
Project("{FAE04EC0-301F-11D3-BF4B-00C04F79EFBC}") = "CyApiClient", "CyApiClient\CyApiClient.csproj", "{4230C1BD-1EAE-4FB8-9D97-3B8E947B8BCF}"
EndProject
Project("{FAE04EC0-301F-11D3-BF4B-00C04F79EFBC}") = "CyApiApp", "CyApiApp\CyApiApp.csproj", "{69DE89F8-EAE9-49E8-B0C1-CD35A02B1D63}"
EndProject
Project("{FAE04EC0-301F-11D3-BF4B-00C04F79EFBC}") = "BaseModels", "BaseModels\BaseModels.csproj", "{BEC4E92A-8C11-4413-92F7-76B1BD53EB17}"
EndProject
Project("{2150E333-8FDC-42A3-9474-1A3956D46DE8}") = "Api", "Api", "{E8FBA6ED-E0D3-449C-9DDA-809FC0AE15C4}"
EndProject
Project("{2150E333-8FDC-42A3-9474-1A3956D46DE8}") = "Client", "Client", "{AD651435-C730-473B-8AD0-B09EE01EFDD6}"
EndProject
Project("{2150E333-8FDC-42A3-9474-1A3956D46DE8}") = "Common", "Common", "{E865CED0-7F5A-4A6C-9CB0-A85E33990906}"
EndProject
Project("{FAE04EC0-301F-11D3-BF4B-00C04F79EFBC}") = "Utils", "Utils\Utils.csproj", "{C05E2156-3CFC-49D2-B9F6-9EA6818F2716}"
EndProject
Project("{FAE04EC0-301F-11D3-BF4B-00C04F79EFBC}") = "CyWpf", "CyWpf\CyWpf.csproj", "{77E4B6E4-60E1-4CC1-BC32-8E86E19BDE7F}"
	ProjectSection(ProjectDependencies) = postProject
		{C05E2156-3CFC-49D2-B9F6-9EA6818F2716} = {C05E2156-3CFC-49D2-B9F6-9EA6818F2716}
		{4230C1BD-1EAE-4FB8-9D97-3B8E947B8BCF} = {4230C1BD-1EAE-4FB8-9D97-3B8E947B8BCF}
	EndProjectSection
EndProject
Global
	GlobalSection(SolutionConfigurationPlatforms) = preSolution
		Debug|Any CPU = Debug|Any CPU
		Release|Any CPU = Release|Any CPU
	EndGlobalSection
	GlobalSection(ProjectConfigurationPlatforms) = postSolution
		{0C187AC0-71A4-43B8-B84D-EAF80723F989}.Debug|Any CPU.ActiveCfg = Debug|Any CPU
		{0C187AC0-71A4-43B8-B84D-EAF80723F989}.Debug|Any CPU.Build.0 = Debug|Any CPU
		{0C187AC0-71A4-43B8-B84D-EAF80723F989}.Release|Any CPU.ActiveCfg = Release|Any CPU
		{0C187AC0-71A4-43B8-B84D-EAF80723F989}.Release|Any CPU.Build.0 = Release|Any CPU
		{97ED4FBF-89B9-4DC7-9CED-1DF1516934DF}.Debug|Any CPU.ActiveCfg = Debug|Any CPU
		{97ED4FBF-89B9-4DC7-9CED-1DF1516934DF}.Debug|Any CPU.Build.0 = Debug|Any CPU
		{97ED4FBF-89B9-4DC7-9CED-1DF1516934DF}.Release|Any CPU.ActiveCfg = Release|Any CPU
		{97ED4FBF-89B9-4DC7-9CED-1DF1516934DF}.Release|Any CPU.Build.0 = Release|Any CPU
		{ABD9F125-AA09-4D09-8B5F-F17006AF4A42}.Debug|Any CPU.ActiveCfg = Debug|Any CPU
		{ABD9F125-AA09-4D09-8B5F-F17006AF4A42}.Debug|Any CPU.Build.0 = Debug|Any CPU
		{ABD9F125-AA09-4D09-8B5F-F17006AF4A42}.Release|Any CPU.ActiveCfg = Release|Any CPU
		{ABD9F125-AA09-4D09-8B5F-F17006AF4A42}.Release|Any CPU.Build.0 = Release|Any CPU
		{2E45B835-668F-47DA-8119-B75F1D504572}.Debug|Any CPU.ActiveCfg = Debug|Any CPU
		{2E45B835-668F-47DA-8119-B75F1D504572}.Debug|Any CPU.Build.0 = Debug|Any CPU
		{2E45B835-668F-47DA-8119-B75F1D504572}.Release|Any CPU.ActiveCfg = Release|Any CPU
		{2E45B835-668F-47DA-8119-B75F1D504572}.Release|Any CPU.Build.0 = Release|Any CPU
		{4230C1BD-1EAE-4FB8-9D97-3B8E947B8BCF}.Debug|Any CPU.ActiveCfg = Debug|Any CPU
		{4230C1BD-1EAE-4FB8-9D97-3B8E947B8BCF}.Debug|Any CPU.Build.0 = Debug|Any CPU
		{4230C1BD-1EAE-4FB8-9D97-3B8E947B8BCF}.Release|Any CPU.ActiveCfg = Release|Any CPU
		{4230C1BD-1EAE-4FB8-9D97-3B8E947B8BCF}.Release|Any CPU.Build.0 = Release|Any CPU
		{69DE89F8-EAE9-49E8-B0C1-CD35A02B1D63}.Debug|Any CPU.ActiveCfg = Debug|Any CPU
		{69DE89F8-EAE9-49E8-B0C1-CD35A02B1D63}.Debug|Any CPU.Build.0 = Debug|Any CPU
		{69DE89F8-EAE9-49E8-B0C1-CD35A02B1D63}.Release|Any CPU.ActiveCfg = Release|Any CPU
		{69DE89F8-EAE9-49E8-B0C1-CD35A02B1D63}.Release|Any CPU.Build.0 = Release|Any CPU
		{BEC4E92A-8C11-4413-92F7-76B1BD53EB17}.Debug|Any CPU.ActiveCfg = Debug|Any CPU
		{BEC4E92A-8C11-4413-92F7-76B1BD53EB17}.Debug|Any CPU.Build.0 = Debug|Any CPU
		{BEC4E92A-8C11-4413-92F7-76B1BD53EB17}.Release|Any CPU.ActiveCfg = Release|Any CPU
		{BEC4E92A-8C11-4413-92F7-76B1BD53EB17}.Release|Any CPU.Build.0 = Release|Any CPU
		{C05E2156-3CFC-49D2-B9F6-9EA6818F2716}.Debug|Any CPU.ActiveCfg = Debug|Any CPU
		{C05E2156-3CFC-49D2-B9F6-9EA6818F2716}.Debug|Any CPU.Build.0 = Debug|Any CPU
		{C05E2156-3CFC-49D2-B9F6-9EA6818F2716}.Release|Any CPU.ActiveCfg = Release|Any CPU
		{C05E2156-3CFC-49D2-B9F6-9EA6818F2716}.Release|Any CPU.Build.0 = Release|Any CPU
		{77E4B6E4-60E1-4CC1-BC32-8E86E19BDE7F}.Debug|Any CPU.ActiveCfg = Debug|Any CPU
		{77E4B6E4-60E1-4CC1-BC32-8E86E19BDE7F}.Debug|Any CPU.Build.0 = Debug|Any CPU
		{77E4B6E4-60E1-4CC1-BC32-8E86E19BDE7F}.Release|Any CPU.ActiveCfg = Release|Any CPU
		{77E4B6E4-60E1-4CC1-BC32-8E86E19BDE7F}.Release|Any CPU.Build.0 = Release|Any CPU
	EndGlobalSection
	GlobalSection(SolutionProperties) = preSolution
		HideSolutionNode = FALSE
	EndGlobalSection
	GlobalSection(NestedProjects) = preSolution
		{0C187AC0-71A4-43B8-B84D-EAF80723F989} = {E8FBA6ED-E0D3-449C-9DDA-809FC0AE15C4}
		{97ED4FBF-89B9-4DC7-9CED-1DF1516934DF} = {E8FBA6ED-E0D3-449C-9DDA-809FC0AE15C4}
		{ABD9F125-AA09-4D09-8B5F-F17006AF4A42} = {E8FBA6ED-E0D3-449C-9DDA-809FC0AE15C4}
		{2E45B835-668F-47DA-8119-B75F1D504572} = {E865CED0-7F5A-4A6C-9CB0-A85E33990906}
		{4230C1BD-1EAE-4FB8-9D97-3B8E947B8BCF} = {AD651435-C730-473B-8AD0-B09EE01EFDD6}
		{69DE89F8-EAE9-49E8-B0C1-CD35A02B1D63} = {AD651435-C730-473B-8AD0-B09EE01EFDD6}
		{BEC4E92A-8C11-4413-92F7-76B1BD53EB17} = {E865CED0-7F5A-4A6C-9CB0-A85E33990906}
		{C05E2156-3CFC-49D2-B9F6-9EA6818F2716} = {E865CED0-7F5A-4A6C-9CB0-A85E33990906}
		{77E4B6E4-60E1-4CC1-BC32-8E86E19BDE7F} = {AD651435-C730-473B-8AD0-B09EE01EFDD6}
	EndGlobalSection
EndGlobal
